
Microsoft Visual Studio Solution File, Format Version 12.00
# Visual Studio Version 16
VisualStudioVersion = 16.0.32929.386
MinimumVisualStudioVersion = 10.0.40219.1
Project("{FAE04EC0-301F-11D3-BF4B-00C04F79EFBC}") = "Entrainements 2", "Entrainements 2\Entrainements 2.csproj", "{175A61E3-616D-4E86-87B8-10EA0480F370}"
EndProject
Global
	GlobalSection(SolutionConfigurationPlatforms) = preSolution
		Debug|Any CPU = Debug|Any CPU
		Release|Any CPU = Release|Any CPU
	EndGlobalSection
	GlobalSection(ProjectConfigurationPlatforms) = postSolution
		{175A61E3-616D-4E86-87B8-10EA0480F370}.Debug|Any CPU.ActiveCfg = Debug|Any CPU
		{175A61E3-616D-4E86-87B8-10EA0480F370}.Debug|Any CPU.Build.0 = Debug|Any CPU
		{175A61E3-616D-4E86-87B8-10EA0480F370}.Release|Any CPU.ActiveCfg = Release|Any CPU
		{175A61E3-616D-4E86-87B8-10EA0480F370}.Release|Any CPU.Build.0 = Release|Any CPU
	EndGlobalSection
	GlobalSection(SolutionProperties) = preSolution
		HideSolutionNode = FALSE
	EndGlobalSection
	GlobalSection(ExtensibilityGlobals) = postSolution
		SolutionGuid = {ABC4D66E-9925-4637-944C-E0C774FB96F2}
	EndGlobalSection
EndGlobal
